
Microsoft Visual Studio Solution File, Format Version 12.00
# Visual Studio 15
VisualStudioVersion = 15.0.27130.2024
MinimumVisualStudioVersion = 10.0.40219.1
Project("{FAE04EC0-301F-11D3-BF4B-00C04F79EFBC}") = "MyShop", "MyShop\MyShop.csproj", "{E2B6DC0A-BF6A-479F-B90C-2F53AC189EB7}"
EndProject
Global
	GlobalSection(SolutionConfigurationPlatforms) = preSolution
		Debug|Any CPU = Debug|Any CPU
		Release|Any CPU = Release|Any CPU
	EndGlobalSection
	GlobalSection(ProjectConfigurationPlatforms) = postSolution
		{E2B6DC0A-BF6A-479F-B90C-2F53AC189EB7}.Debug|Any CPU.ActiveCfg = Debug|Any CPU
		{E2B6DC0A-BF6A-479F-B90C-2F53AC189EB7}.Debug|Any CPU.Build.0 = Debug|Any CPU
		{E2B6DC0A-BF6A-479F-B90C-2F53AC189EB7}.Release|Any CPU.ActiveCfg = Release|Any CPU
		{E2B6DC0A-BF6A-479F-B90C-2F53AC189EB7}.Release|Any CPU.Build.0 = Release|Any CPU
	EndGlobalSection
	GlobalSection(SolutionProperties) = preSolution
		HideSolutionNode = FALSE
	EndGlobalSection
	GlobalSection(ExtensibilityGlobals) = postSolution
		SolutionGuid = {5E1A7DD5-F5A9-4B20-81FB-E1C41C850267}
	EndGlobalSection
EndGlobal
